
Microsoft Visual Studio Solution File, Format Version 12.00
# Visual Studio 15
VisualStudioVersion = 15.0.27130.2027
MinimumVisualStudioVersion = 10.0.40219.1
Project("{9A19103F-16F7-4668-BE54-9A1E7A4F7556}") = "Daylily.Plugin.Core", "Plugin\Daylily.Plugin.Core\Daylily.Plugin.Core.csproj", "{C09D80E2-F0EA-4BBC-BF2C-CB92DB201DD8}"
EndProject
Project("{9A19103F-16F7-4668-BE54-9A1E7A4F7556}") = "Daylily.Assist", "Kernel\Daylily.Assist\Daylily.Assist.csproj", "{1E7A1900-414F-4424-B7E1-13B3A1297DB7}"
EndProject
Project("{9A19103F-16F7-4668-BE54-9A1E7A4F7556}") = "Daylily.Bot", "Kernel\Daylily.Bot\Daylily.Bot.csproj", "{133C40AD-9219-4ACF-A2B8-A5D8CE7CE46B}"
EndProject
Project("{9A19103F-16F7-4668-BE54-9A1E7A4F7556}") = "Daylily.AspNetCore", "Kernel\Daylily.AspNetCore\Daylily.AspNetCore.csproj", "{5BAB2B81-1E84-41DD-884B-2365495A1356}"
EndProject
Project("{9A19103F-16F7-4668-BE54-9A1E7A4F7556}") = "ExtendAppDemo", "Demo\ExtendAppDemo\ExtendAppDemo.csproj", "{DEA7FEAE-D813-4E9B-85E3-BDC78BA4100C}"
EndProject
Project("{9A19103F-16F7-4668-BE54-9A1E7A4F7556}") = "Daylily.Plugin.Osu", "Plugin\Daylily.Plugin.Osu\Daylily.Plugin.Osu.csproj", "{452FC868-4FA2-4955-8D12-DD45C16CE4E1}"
EndProject
Project("{2150E333-8FDC-42A3-9474-1A3956D46DE8}") = "Plugin", "Plugin", "{210CBD05-D624-4DA0-BF6A-444E4DBD4772}"
EndProject
Project("{2150E333-8FDC-42A3-9474-1A3956D46DE8}") = "Api", "Api", "{A647853D-3BE2-4A06-875C-575E54575E84}"
EndProject
Project("{9A19103F-16F7-4668-BE54-9A1E7A4F7556}") = "Daylily.Osu", "Api\Daylily.Osu\Daylily.Osu.csproj", "{C65B49D0-BE66-4E5A-8CAC-8F2B42BADC7A}"
EndProject
Project("{9A19103F-16F7-4668-BE54-9A1E7A4F7556}") = "Daylily.Common", "Kernel\Daylily.Common\Daylily.Common.csproj", "{369AD1D2-F1F5-4DBA-B4DC-A18927A04805}"
EndProject
Project("{9A19103F-16F7-4668-BE54-9A1E7A4F7556}") = "Daylily.CoolQ", "Api\Daylily.CoolQ\Daylily.CoolQ.csproj", "{F66D342F-EFCF-4067-8157-3BDE850311D4}"
EndProject
Project("{9A19103F-16F7-4668-BE54-9A1E7A4F7556}") = "Daylily.Cos", "Api\Daylily.Cos\Daylily.Cos.csproj", "{F639D3EC-B942-465C-8AD5-CD1E5510E50F}"
EndProject
Project("{9A19103F-16F7-4668-BE54-9A1E7A4F7556}") = "Daylily.Plugin.ShaDiao", "Plugin\Daylily.Plugin.ShaDiao\Daylily.Plugin.ShaDiao.csproj", "{02D93BC8-6B0E-494C-A0C2-0588DF1577C2}"
EndProject
Project("{9A19103F-16F7-4668-BE54-9A1E7A4F7556}") = "TestMyPlugin", "Test\TestMyPlugin\TestMyPlugin.csproj", "{E8689307-9A94-4809-8F08-EA04E8400969}"
EndProject
Project("{9A19103F-16F7-4668-BE54-9A1E7A4F7556}") = "Daylily.Plugin.Kernel", "Plugin\Daylily.Plugin.Kernel\Daylily.Plugin.Kernel.csproj", "{134D841F-6648-4B66-A0D9-42C3336CF28E}"
EndProject
Project("{2150E333-8FDC-42A3-9474-1A3956D46DE8}") = "Test", "Test", "{60064F98-3F19-4159-97BE-3F8503913A31}"
EndProject
Project("{2150E333-8FDC-42A3-9474-1A3956D46DE8}") = "Demo", "Demo", "{0342677C-B43C-4736-BF51-A806B94A8F03}"
EndProject
Project("{2150E333-8FDC-42A3-9474-1A3956D46DE8}") = "Kernel", "Kernel", "{21ABE70D-FA09-4B1C-9C67-3BE05060C23A}"
EndProject
Global
	GlobalSection(SolutionConfigurationPlatforms) = preSolution
		Debug|Any CPU = Debug|Any CPU
		Release|Any CPU = Release|Any CPU
	EndGlobalSection
	GlobalSection(ProjectConfigurationPlatforms) = postSolution
		{C09D80E2-F0EA-4BBC-BF2C-CB92DB201DD8}.Debug|Any CPU.ActiveCfg = Debug|Any CPU
		{C09D80E2-F0EA-4BBC-BF2C-CB92DB201DD8}.Debug|Any CPU.Build.0 = Debug|Any CPU
		{C09D80E2-F0EA-4BBC-BF2C-CB92DB201DD8}.Release|Any CPU.ActiveCfg = Release|Any CPU
		{C09D80E2-F0EA-4BBC-BF2C-CB92DB201DD8}.Release|Any CPU.Build.0 = Release|Any CPU
		{1E7A1900-414F-4424-B7E1-13B3A1297DB7}.Debug|Any CPU.ActiveCfg = Debug|Any CPU
		{1E7A1900-414F-4424-B7E1-13B3A1297DB7}.Debug|Any CPU.Build.0 = Debug|Any CPU
		{1E7A1900-414F-4424-B7E1-13B3A1297DB7}.Release|Any CPU.ActiveCfg = Release|Any CPU
		{1E7A1900-414F-4424-B7E1-13B3A1297DB7}.Release|Any CPU.Build.0 = Release|Any CPU
		{133C40AD-9219-4ACF-A2B8-A5D8CE7CE46B}.Debug|Any CPU.ActiveCfg = Debug|Any CPU
		{133C40AD-9219-4ACF-A2B8-A5D8CE7CE46B}.Debug|Any CPU.Build.0 = Debug|Any CPU
		{133C40AD-9219-4ACF-A2B8-A5D8CE7CE46B}.Release|Any CPU.ActiveCfg = Release|Any CPU
		{133C40AD-9219-4ACF-A2B8-A5D8CE7CE46B}.Release|Any CPU.Build.0 = Release|Any CPU
		{5BAB2B81-1E84-41DD-884B-2365495A1356}.Debug|Any CPU.ActiveCfg = Debug|Any CPU
		{5BAB2B81-1E84-41DD-884B-2365495A1356}.Debug|Any CPU.Build.0 = Debug|Any CPU
		{5BAB2B81-1E84-41DD-884B-2365495A1356}.Release|Any CPU.ActiveCfg = Release|Any CPU
		{5BAB2B81-1E84-41DD-884B-2365495A1356}.Release|Any CPU.Build.0 = Release|Any CPU
		{DEA7FEAE-D813-4E9B-85E3-BDC78BA4100C}.Debug|Any CPU.ActiveCfg = Debug|Any CPU
		{DEA7FEAE-D813-4E9B-85E3-BDC78BA4100C}.Debug|Any CPU.Build.0 = Debug|Any CPU
		{DEA7FEAE-D813-4E9B-85E3-BDC78BA4100C}.Release|Any CPU.ActiveCfg = Release|Any CPU
		{DEA7FEAE-D813-4E9B-85E3-BDC78BA4100C}.Release|Any CPU.Build.0 = Release|Any CPU
		{452FC868-4FA2-4955-8D12-DD45C16CE4E1}.Debug|Any CPU.ActiveCfg = Debug|Any CPU
		{452FC868-4FA2-4955-8D12-DD45C16CE4E1}.Debug|Any CPU.Build.0 = Debug|Any CPU
		{452FC868-4FA2-4955-8D12-DD45C16CE4E1}.Release|Any CPU.ActiveCfg = Release|Any CPU
		{452FC868-4FA2-4955-8D12-DD45C16CE4E1}.Release|Any CPU.Build.0 = Release|Any CPU
		{C65B49D0-BE66-4E5A-8CAC-8F2B42BADC7A}.Debug|Any CPU.ActiveCfg = Debug|Any CPU
		{C65B49D0-BE66-4E5A-8CAC-8F2B42BADC7A}.Debug|Any CPU.Build.0 = Debug|Any CPU
		{C65B49D0-BE66-4E5A-8CAC-8F2B42BADC7A}.Release|Any CPU.ActiveCfg = Release|Any CPU
		{C65B49D0-BE66-4E5A-8CAC-8F2B42BADC7A}.Release|Any CPU.Build.0 = Release|Any CPU
		{369AD1D2-F1F5-4DBA-B4DC-A18927A04805}.Debug|Any CPU.ActiveCfg = Debug|Any CPU
		{369AD1D2-F1F5-4DBA-B4DC-A18927A04805}.Debug|Any CPU.Build.0 = Debug|Any CPU
		{369AD1D2-F1F5-4DBA-B4DC-A18927A04805}.Release|Any CPU.ActiveCfg = Release|Any CPU
		{369AD1D2-F1F5-4DBA-B4DC-A18927A04805}.Release|Any CPU.Build.0 = Release|Any CPU
		{F66D342F-EFCF-4067-8157-3BDE850311D4}.Debug|Any CPU.ActiveCfg = Debug|Any CPU
		{F66D342F-EFCF-4067-8157-3BDE850311D4}.Debug|Any CPU.Build.0 = Debug|Any CPU
		{F66D342F-EFCF-4067-8157-3BDE850311D4}.Release|Any CPU.ActiveCfg = Release|Any CPU
		{F66D342F-EFCF-4067-8157-3BDE850311D4}.Release|Any CPU.Build.0 = Release|Any CPU
		{F639D3EC-B942-465C-8AD5-CD1E5510E50F}.Debug|Any CPU.ActiveCfg = Debug|Any CPU
		{F639D3EC-B942-465C-8AD5-CD1E5510E50F}.Debug|Any CPU.Build.0 = Debug|Any CPU
		{F639D3EC-B942-465C-8AD5-CD1E5510E50F}.Release|Any CPU.ActiveCfg = Release|Any CPU
		{F639D3EC-B942-465C-8AD5-CD1E5510E50F}.Release|Any CPU.Build.0 = Release|Any CPU
		{02D93BC8-6B0E-494C-A0C2-0588DF1577C2}.Debug|Any CPU.ActiveCfg = Debug|Any CPU
		{02D93BC8-6B0E-494C-A0C2-0588DF1577C2}.Debug|Any CPU.Build.0 = Debug|Any CPU
		{02D93BC8-6B0E-494C-A0C2-0588DF1577C2}.Release|Any CPU.ActiveCfg = Release|Any CPU
		{02D93BC8-6B0E-494C-A0C2-0588DF1577C2}.Release|Any CPU.Build.0 = Release|Any CPU
		{E8689307-9A94-4809-8F08-EA04E8400969}.Debug|Any CPU.ActiveCfg = Debug|Any CPU
		{E8689307-9A94-4809-8F08-EA04E8400969}.Debug|Any CPU.Build.0 = Debug|Any CPU
		{E8689307-9A94-4809-8F08-EA04E8400969}.Release|Any CPU.ActiveCfg = Release|Any CPU
		{E8689307-9A94-4809-8F08-EA04E8400969}.Release|Any CPU.Build.0 = Release|Any CPU
		{134D841F-6648-4B66-A0D9-42C3336CF28E}.Debug|Any CPU.ActiveCfg = Debug|Any CPU
		{134D841F-6648-4B66-A0D9-42C3336CF28E}.Debug|Any CPU.Build.0 = Debug|Any CPU
		{134D841F-6648-4B66-A0D9-42C3336CF28E}.Release|Any CPU.ActiveCfg = Release|Any CPU
		{134D841F-6648-4B66-A0D9-42C3336CF28E}.Release|Any CPU.Build.0 = Release|Any CPU
	EndGlobalSection
	GlobalSection(SolutionProperties) = preSolution
		HideSolutionNode = FALSE
	EndGlobalSection
	GlobalSection(NestedProjects) = preSolution
		{C09D80E2-F0EA-4BBC-BF2C-CB92DB201DD8} = {210CBD05-D624-4DA0-BF6A-444E4DBD4772}
		{1E7A1900-414F-4424-B7E1-13B3A1297DB7} = {21ABE70D-FA09-4B1C-9C67-3BE05060C23A}
		{133C40AD-9219-4ACF-A2B8-A5D8CE7CE46B} = {21ABE70D-FA09-4B1C-9C67-3BE05060C23A}
		{5BAB2B81-1E84-41DD-884B-2365495A1356} = {21ABE70D-FA09-4B1C-9C67-3BE05060C23A}
		{DEA7FEAE-D813-4E9B-85E3-BDC78BA4100C} = {0342677C-B43C-4736-BF51-A806B94A8F03}
		{452FC868-4FA2-4955-8D12-DD45C16CE4E1} = {210CBD05-D624-4DA0-BF6A-444E4DBD4772}
		{C65B49D0-BE66-4E5A-8CAC-8F2B42BADC7A} = {A647853D-3BE2-4A06-875C-575E54575E84}
		{369AD1D2-F1F5-4DBA-B4DC-A18927A04805} = {21ABE70D-FA09-4B1C-9C67-3BE05060C23A}
		{F66D342F-EFCF-4067-8157-3BDE850311D4} = {A647853D-3BE2-4A06-875C-575E54575E84}
		{F639D3EC-B942-465C-8AD5-CD1E5510E50F} = {A647853D-3BE2-4A06-875C-575E54575E84}
		{02D93BC8-6B0E-494C-A0C2-0588DF1577C2} = {210CBD05-D624-4DA0-BF6A-444E4DBD4772}
		{E8689307-9A94-4809-8F08-EA04E8400969} = {60064F98-3F19-4159-97BE-3F8503913A31}
		{134D841F-6648-4B66-A0D9-42C3336CF28E} = {210CBD05-D624-4DA0-BF6A-444E4DBD4772}
	EndGlobalSection
	GlobalSection(ExtensibilityGlobals) = postSolution
		SolutionGuid = {61C8A762-DE94-46FE-8E8D-A5B4F84EA7AE}
	EndGlobalSection
EndGlobal
